{
  "projects": [
    {
      "projectId": "b1W5dJMGgkpaNQ8tnw9w16",
      "version": "latest",
      "dependencies": {},
      "lang": "js",
      "fileLocks": [
        {
          "type": "globalVariant",
          "assetId": "mr1D-c3tQ6PZvo",
          "checksum": "d5d7b54b67cb58cf98685df2e2f97e20"
        },
        {
          "type": "renderModule",
          "assetId": "joLXbiD8fzxcE",
          "checksum": "b09fe8df2ff69dcede9336d802a5790c"
        },
        {
          "type": "cssRules",
          "assetId": "joLXbiD8fzxcE",
          "checksum": "b09fe8df2ff69dcede9336d802a5790c"
        },
        {
          "type": "renderModule",
          "assetId": "Yq2ESkcU0XWwK",
          "checksum": "c01acb91e6a736f80e6408a3119d75ac"
        },
        {
          "type": "cssRules",
          "assetId": "Yq2ESkcU0XWwK",
          "checksum": "c01acb91e6a736f80e6408a3119d75ac"
        },
        {
          "type": "renderModule",
          "assetId": "77GB9XZLbzFJN",
          "checksum": "429202cf53e64d3ebf2dd7a0e56bbf64"
        },
        {
          "type": "cssRules",
          "assetId": "77GB9XZLbzFJN",
          "checksum": "429202cf53e64d3ebf2dd7a0e56bbf64"
        },
        {
          "type": "renderModule",
          "assetId": "hfYEn7aiEGtW6",
          "checksum": "7ffd38c4f09f997bdcb58413fbed95ac"
        },
        {
          "type": "cssRules",
          "assetId": "hfYEn7aiEGtW6",
          "checksum": "7ffd38c4f09f997bdcb58413fbed95ac"
        },
        {
          "type": "renderModule",
          "assetId": "03GXqJ65YR2t6",
          "checksum": "fafc159add819256759a34d3b0f2ef4a"
        },
        {
          "type": "cssRules",
          "assetId": "03GXqJ65YR2t6",
          "checksum": "fafc159add819256759a34d3b0f2ef4a"
        },
        {
          "type": "renderModule",
          "assetId": "7o1EaqzIntGTp",
          "checksum": "ae0d6a8ee49be4b41dbd4c5ff2583c3c"
        },
        {
          "type": "cssRules",
          "assetId": "7o1EaqzIntGTp",
          "checksum": "ae0d6a8ee49be4b41dbd4c5ff2583c3c"
        },
        {
          "type": "renderModule",
          "assetId": "-Vsavq-UUH0ex",
          "checksum": "4b7d86eeebad459e931044ab0568402c"
        },
        {
          "type": "cssRules",
          "assetId": "-Vsavq-UUH0ex",
          "checksum": "4b7d86eeebad459e931044ab0568402c"
        },
        {
          "type": "renderModule",
          "assetId": "vtWT-qAeLXuVFu",
          "checksum": "cbce8e1ab45367380f5e53804e6f4eda"
        },
        {
          "type": "cssRules",
          "assetId": "vtWT-qAeLXuVFu",
          "checksum": "cbce8e1ab45367380f5e53804e6f4eda"
        },
        {
          "type": "renderModule",
          "assetId": "6QipUgGfFSD8N_",
          "checksum": "4f587c7f2cb1325e952402ac62fe94f1"
        },
        {
          "type": "cssRules",
          "assetId": "6QipUgGfFSD8N_",
          "checksum": "4f587c7f2cb1325e952402ac62fe94f1"
        },
        {
          "type": "renderModule",
          "assetId": "HBP5uBzO1ZK-wF",
          "checksum": "54fd926234dbd416ced4803ddefebfac"
        },
        {
          "type": "cssRules",
          "assetId": "HBP5uBzO1ZK-wF",
          "checksum": "54fd926234dbd416ced4803ddefebfac"
        },
        {
          "type": "renderModule",
          "assetId": "pSUId6StArnhbN",
          "checksum": "332a34d750b54099ebe4265691d64f6e"
        },
        {
          "type": "cssRules",
          "assetId": "pSUId6StArnhbN",
          "checksum": "332a34d750b54099ebe4265691d64f6e"
        },
        {
          "type": "renderModule",
          "assetId": "YmMs-iV102CG0x",
          "checksum": "4997d03499ac7cadcbde8be3c9059640"
        },
        {
          "type": "cssRules",
          "assetId": "YmMs-iV102CG0x",
          "checksum": "4997d03499ac7cadcbde8be3c9059640"
        },
        {
          "type": "renderModule",
          "assetId": "M7ExaJv6rSX4X2",
          "checksum": "fc8b6a04d575fa0129c9896df9589c9b"
        },
        {
          "type": "cssRules",
          "assetId": "M7ExaJv6rSX4X2",
          "checksum": "fc8b6a04d575fa0129c9896df9589c9b"
        },
        {
          "type": "renderModule",
          "assetId": "pJqZWRX7WfGpPj",
          "checksum": "51a15ecae80a33b8e8e10cb46a56572a"
        },
        {
          "type": "cssRules",
          "assetId": "pJqZWRX7WfGpPj",
          "checksum": "51a15ecae80a33b8e8e10cb46a56572a"
        },
        {
          "type": "renderModule",
          "assetId": "daTiDeiVyFkilJ",
          "checksum": "14593f197a410427664f4c0b2269cee9"
        },
        {
          "type": "cssRules",
          "assetId": "daTiDeiVyFkilJ",
          "checksum": "14593f197a410427664f4c0b2269cee9"
        },
        {
          "type": "renderModule",
          "assetId": "KpLkvKVTDOZXSl",
          "checksum": "7960341423c9a7fe98316019697d766a"
        },
        {
          "type": "cssRules",
          "assetId": "KpLkvKVTDOZXSl",
          "checksum": "7960341423c9a7fe98316019697d766a"
        },
        {
          "type": "renderModule",
          "assetId": "Ydv4hx-qctbXT1",
          "checksum": "fd562c52b39b4061aef46661c1668338"
        },
        {
          "type": "cssRules",
          "assetId": "Ydv4hx-qctbXT1",
          "checksum": "fd562c52b39b4061aef46661c1668338"
        },
        {
          "type": "renderModule",
          "assetId": "_EVQX5PAgRAX9I",
          "checksum": "e857b75651ad0ffc3982ae8190d80b72"
        },
        {
          "type": "cssRules",
          "assetId": "_EVQX5PAgRAX9I",
          "checksum": "e857b75651ad0ffc3982ae8190d80b72"
        },
        {
          "type": "renderModule",
          "assetId": "KdGjiIGYVvoSTf",
          "checksum": "5435bf93358edb1e84fc7a18570b9cc3"
        },
        {
          "type": "cssRules",
          "assetId": "KdGjiIGYVvoSTf",
          "checksum": "5435bf93358edb1e84fc7a18570b9cc3"
        },
        {
          "type": "renderModule",
          "assetId": "_ihQLPOfY-ioqo",
          "checksum": "5f5beb6b40fe2ab90e9b0b3292549723"
        },
        {
          "type": "cssRules",
          "assetId": "_ihQLPOfY-ioqo",
          "checksum": "5f5beb6b40fe2ab90e9b0b3292549723"
        },
        {
          "type": "renderModule",
          "assetId": "nPWtbdphoKXz__",
          "checksum": "ef9aa4be56c7446b989d3c265a6f8457"
        },
        {
          "type": "cssRules",
          "assetId": "nPWtbdphoKXz__",
          "checksum": "ef9aa4be56c7446b989d3c265a6f8457"
        },
        {
          "type": "renderModule",
          "assetId": "NgjCtkSebNh_Wd",
          "checksum": "f11dc0652f956dc7094450ad7a05f3dd"
        },
        {
          "type": "cssRules",
          "assetId": "NgjCtkSebNh_Wd",
          "checksum": "f11dc0652f956dc7094450ad7a05f3dd"
        },
        {
          "type": "renderModule",
          "assetId": "qmLemEt8qQi_5q",
          "checksum": "ff03bc256869a611157f74d1e7a8c82c"
        },
        {
          "type": "cssRules",
          "assetId": "qmLemEt8qQi_5q",
          "checksum": "ff03bc256869a611157f74d1e7a8c82c"
        },
        {
          "type": "renderModule",
          "assetId": "Fa0q6o_R7J",
          "checksum": "4d2b166ebf655c90e8ca12381f68b751"
        },
        {
          "type": "cssRules",
          "assetId": "Fa0q6o_R7J",
          "checksum": "4d2b166ebf655c90e8ca12381f68b751"
        },
        {
          "type": "icon",
          "assetId": "qvwIVYK2RzSKZN",
          "checksum": "c5a6a276afa2ad06977d380a977d5ea2"
        },
        {
          "type": "icon",
          "assetId": "mhLHT-jYtpysfY",
          "checksum": "f29d3ef1f1b1052b085976bfefddf5c7"
        },
        {
          "type": "icon",
          "assetId": "xHJZgfHtQqgWW9",
          "checksum": "19629250b3cbe8e1bad57f3f3288ec16"
        },
        {
          "type": "icon",
          "assetId": "VNb0eTMhLhWJIN",
          "checksum": "80d472649879e9057ba40b014414e359"
        },
        {
          "type": "icon",
          "assetId": "CHmrp9bbJyrUSf",
          "checksum": "094ca3dc2359aeab51e3159ed2d23de3"
        },
        {
          "type": "icon",
          "assetId": "6BUElcB0OTZzjK",
          "checksum": "e85a4d87586e1ecbbd17054cb470afb4"
        },
        {
          "type": "icon",
          "assetId": "cWzArE0dSQD8C6",
          "checksum": "eeb87c057edb04e5bdd56a502e0d44f4"
        },
        {
          "type": "icon",
          "assetId": "8TlS7KBj5N_uZl",
          "checksum": "ee3f2db26d2d119756ce20739f07ecd4"
        },
        {
          "type": "icon",
          "assetId": "-hzxlO8pTtvZ-X",
          "checksum": "573a5174a2a4c5774c06d2d2f3314a25"
        },
        {
          "type": "icon",
          "assetId": "SlSowP5_Qbgzu7",
          "checksum": "642e17e6ba5ea185ea6449708dea0c13"
        },
        {
          "type": "icon",
          "assetId": "BuO6XEYVyC7cH7",
          "checksum": "26c49ab1f489e605b916c70ba043c064"
        },
        {
          "type": "icon",
          "assetId": "TMPLfgB1eMR33e",
          "checksum": "30cd77f8030909ec7baabaeb58169b93"
        },
        {
          "type": "icon",
          "assetId": "zBlm47Ks2thutA",
          "checksum": "0fa95828ab6ef7283c8c7d074ea98314"
        },
        {
          "type": "icon",
          "assetId": "t8OtyGHWCsjrsj",
          "checksum": "4b72b499115a5f0816967148a487d99b"
        },
        {
          "type": "icon",
          "assetId": "XaXujN__J5KhPy",
          "checksum": "9d1b7788385d7d6eae7b357b87c95042"
        },
        {
          "type": "icon",
          "assetId": "YzT5M0hmwhbW-e",
          "checksum": "ef0909a8c3a5dd6282bab74052589e32"
        },
        {
          "type": "icon",
          "assetId": "MmDAz6lx2B",
          "checksum": "4ed0e8514747c062cc1d7b4033494b1e"
        },
        {
          "type": "image",
          "assetId": "AGclS-Da7qB6VQ",
          "checksum": "432f0f3b254eed43a0fceb0c6371864e"
        },
        {
          "type": "image",
          "assetId": "RHSniaefBaupY2",
          "checksum": "f9b282af2c9085dbc967affa92352a07"
        },
        {
          "type": "image",
          "assetId": "XKS97dCoMBcZ_K",
          "checksum": "53e16db2d5f1f6a6a02a1f37fbac0960"
        },
        {
          "type": "image",
          "assetId": "a-cIMb9QJ0SLcH",
          "checksum": "8d0b7d776a2fd8f324e619c6cbe959e6"
        },
        {
          "type": "image",
          "assetId": "povM635ku7n7yd",
          "checksum": "87adc50f58f48bc36dac13af75c1ec7f"
        },
        {
          "type": "image",
          "assetId": "l1_kPxo8xW1jwp",
          "checksum": "9057f622cda992809da88da9b7f5032a"
        },
        {
          "type": "image",
          "assetId": "0PHQAMtYsQm8Pm",
          "checksum": "4cf0f38fa97df5bdd309dea17063db4c"
        },
        {
          "type": "image",
          "assetId": "8hbmGfdwe7XYBe",
          "checksum": "e4eb6893df92f7fff78298bb190e18ac"
        },
        {
          "type": "image",
          "assetId": "NzeuXqyNN_URdZ",
          "checksum": "87ced23e93100588ee60bc39bf91c22b"
        },
        {
          "type": "image",
          "assetId": "fd7y8UkrYo_mqE",
          "checksum": "9ea72a1383d1f4ca4fff587af4b4626f"
        },
        {
          "type": "image",
          "assetId": "2HLiBx4jW_gjje",
          "checksum": "1557bed332e086d8bafb468ee618072b"
        },
        {
          "type": "image",
          "assetId": "BxNXF7VywdNs17",
          "checksum": "85c00f876b32c7a3a4a059c33ea874b4"
        },
        {
          "type": "image",
          "assetId": "b2CyNORa8DhSmo",
          "checksum": "1e203b58d38dd33afef1b93d60c6b435"
        },
        {
          "type": "image",
          "assetId": "W5KciVrgVLDMYt",
          "checksum": "89a5d63cb891ff84de68276bdcf3d398"
        },
        {
          "type": "image",
          "assetId": "tyxg8BHXhgYM2v",
          "checksum": "94a995af52d83bea2250751fda49c9c9"
        },
        {
          "type": "image",
          "assetId": "XvjzkDVxYwrz54",
          "checksum": "67dfda8a025333532babfcd46c1c6462"
        },
        {
          "type": "image",
          "assetId": "RbuvepoavTUG5g",
          "checksum": "069720aabdf3fc841276c461e1998d84"
        },
        {
          "type": "image",
          "assetId": "vBRaIVtGCWwlRD",
          "checksum": "f7d4c7d56e6bbdab306451dddde7fc44"
        },
        {
          "type": "image",
          "assetId": "RGiyQSRi7XyRRM",
          "checksum": "27b05bf8f0155b8238901541b9ae1adf"
        },
        {
          "type": "image",
          "assetId": "Yynaf_JeV_dMPu",
          "checksum": "c61bdbcbed17c63cc10dc74c799e7bd3"
        },
        {
          "type": "image",
          "assetId": "yemL8KHBTzvEoQ",
          "checksum": "27632af7a454ef161e1a353b72851292"
        },
        {
          "type": "image",
          "assetId": "p823qQrQsXwnoO",
          "checksum": "38da717941df90c22ace314a300ccbdc"
        },
        {
          "type": "image",
          "assetId": "hgNtGHfRWtlzAh",
          "checksum": "29c80a0fc125cda1e4d0df51ddf796f6"
        },
        {
          "type": "image",
          "assetId": "DkkDgZ3aaO1woq",
          "checksum": "993f16984cf13a0597466cd733373043"
        },
        {
          "type": "image",
          "assetId": "Er3p3Z0GDuS4hP",
          "checksum": "77c4a7183012374116dcd7d04f678376"
        },
        {
          "type": "image",
          "assetId": "GvABpb7nw-cuka",
          "checksum": "b292804690c768684089644286252877"
        },
        {
          "type": "image",
          "assetId": "gwsT2FR6Kv261G",
          "checksum": "6ac30ecdb66cad05c206f56a93bc6b71"
        },
        {
          "type": "image",
          "assetId": "L1bKxI5_8BPNQv",
          "checksum": "1e5d74c2e0da75c59cb5f3b7c6599daa"
        },
        {
          "type": "image",
          "assetId": "35yS1JfUrDqW7G",
          "checksum": "62dcb630921347040fc0fd56f218857f"
        },
        {
          "type": "image",
          "assetId": "GaDJH4LH0NgiHC",
          "checksum": "fdfb3157924bc2773624c3e117e91986"
        },
        {
          "type": "image",
          "assetId": "mOBRI7MomKn-ZN",
          "checksum": "bde4c7fa29bd25fe8a6c90c8d9e8bb6a"
        },
        {
          "type": "image",
          "assetId": "qlDjQEAsFlr1ct",
          "checksum": "349b75ec4c5c12de8e4a64d81157a0da"
        },
        {
          "type": "image",
          "assetId": "sox6iXd6lWGmrI",
          "checksum": "5ada74f5a06582254612e5b5d983b095"
        },
        {
          "type": "image",
          "assetId": "roB-behg1gA9cf",
          "checksum": "20460dbe470b49f66567d41eca37e161"
        },
        {
          "type": "image",
          "assetId": "cbe8ezPoHJLMuf",
          "checksum": "9c0f16f0c7da2e263a0a2a1d1c378003"
        },
        {
          "type": "image",
          "assetId": "Mco6GEW7X39RBc",
          "checksum": "f53283cf23a5e55259722bfa66d1644a"
        },
        {
          "type": "image",
          "assetId": "9groAzdkRIu8Dw",
          "checksum": "d6e5599dcb0ff8c965f0974f390a1b8f"
        },
        {
          "type": "image",
          "assetId": "rW1GKJkPs5W9UX",
          "checksum": "c8f2508f4873da88a42e3d6a2a796435"
        },
        {
          "type": "image",
          "assetId": "AoKL0qT3m8S7KT",
          "checksum": "c9ff284a7aab3469c5212cd604a1c8e3"
        },
        {
          "type": "image",
          "assetId": "iXDUEcWiAHjfan",
          "checksum": "5b355838ed3651d9fefbacd040fab58c"
        },
        {
          "type": "image",
          "assetId": "aNSBS0oEvLDt8f",
          "checksum": "d92fbc8435b9546a8174681eb577a39e"
        },
        {
          "type": "image",
          "assetId": "xcm5rToaE3UM7g",
          "checksum": "2d3caafbe00893d1ab489922d6ebcc6c"
        },
        {
          "type": "image",
          "assetId": "UIANp3hs6F7Yr0",
          "checksum": "39acf83584fa90d488f6050ce2977e11"
        },
        {
          "type": "image",
          "assetId": "WGDBHf0CXxiLpu",
          "checksum": "3c8394d81f298395effe49106e2db324"
        },
        {
          "type": "image",
          "assetId": "NN3Lja-hIiwwMi",
          "checksum": "20e4778beae1c2bf7f6b27f295b258cf"
        },
        {
          "type": "image",
          "assetId": "oNf4kb5UXobA1r",
          "checksum": "e3ff64ec87d0a4674c313624889d1a71"
        },
        {
          "type": "image",
          "assetId": "gqNrBOBpJeKxwP",
          "checksum": "ff2894b1a9fe85eae83fdc96998db8d3"
        },
        {
          "type": "image",
          "assetId": "wh8y3pp0HTowpG",
          "checksum": "21bdc6d3b718be5339033a976bf957ca"
        },
        {
          "type": "image",
          "assetId": "9-JdU9wZ0Bq7Gw",
          "checksum": "0a9b069b90ea36b1248495725634547f"
        },
        {
          "type": "image",
          "assetId": "OgI2MayH8xuvRV",
          "checksum": "5bf1cd4b5d00ea70c6fb9feccb1a9600"
        },
        {
          "type": "image",
          "assetId": "CpoQVVHq0mmtrM",
          "checksum": "0c78875d5bcb6bb021aff92668d14ed9"
        },
        {
          "type": "image",
          "assetId": "omTP5V1l0iC0IK",
          "checksum": "1dcfd03baa9fdbc945e333711ef45ec9"
        },
        {
          "type": "image",
          "assetId": "O7VHlmrjkSsl3f",
          "checksum": "21e4ed219d3c455d66c7c7503a04333a"
        },
        {
          "type": "image",
          "assetId": "ucj5rC3Jx2BVF-",
          "checksum": "503731b1d3e5d2b5203eb598d6283db5"
        },
        {
          "type": "image",
          "assetId": "9enmQnrlk8bWfz",
          "checksum": "aa1d1fb394076351f699f3d1fa33bb15"
        },
        {
          "type": "image",
          "assetId": "y6qlIIrA-qcUkh",
          "checksum": "bbbdca356407ec390b48594f9390e4bd"
        },
        {
          "type": "image",
          "assetId": "DPCmTVSDbiJweH",
          "checksum": "61d8816ef503b42d9785effee68f9fec"
        },
        {
          "type": "image",
          "assetId": "ruYN5iw4vJHwPC",
          "checksum": "727640094969c5ed4b24ccc2b6b001b9"
        },
        {
          "type": "image",
          "assetId": "AYI7Apuu2Lbe6W",
          "checksum": "bdfde542e69b75de40a5e4866f88dd5a"
        },
        {
          "type": "image",
          "assetId": "DGtx4sTEjDxLuO",
          "checksum": "67b1f4625a77169e4775653bd5273fb7"
        },
        {
          "type": "image",
          "assetId": "FHEqZb0kVYUcB4",
          "checksum": "ed48ae9684941c74ab6fcd75038158be"
        },
        {
          "type": "image",
          "assetId": "i42es1qzc1y67Z",
          "checksum": "62727d31642c6765fe768f27e6c4dd3c"
        },
        {
          "type": "image",
          "assetId": "bCzNdJjFom5M7Q",
          "checksum": "4ae485b034feb23f2c4697810c4cc55b"
        },
        {
          "type": "image",
          "assetId": "dUyDSv_yURz5Of",
          "checksum": "e4a69879152acab87e2d161f3829d250"
        },
        {
          "type": "image",
          "assetId": "vTlaneeEdMn7P7",
          "checksum": "bb03223c0b90643f69e1288da89e357b"
        },
        {
          "type": "image",
          "assetId": "8dB_VZ28F5UKo_",
          "checksum": "834f3ce118cf2d034d94a451cdb45c11"
        },
        {
          "type": "image",
          "assetId": "1335PzjPDVg4nN",
          "checksum": "4f523f5ea1801a1f9c214e0cd1fee685"
        },
        {
          "type": "image",
          "assetId": "E8ptg0jN_xUfN0",
          "checksum": "cee1975f43d0db5a457bc18c1f5e3186"
        },
        {
          "type": "image",
          "assetId": "n5NCuYFx6B_Nxh",
          "checksum": "4c0d40ded91c0853b9766a9d77201771"
        },
        {
          "type": "image",
          "assetId": "-KzH0pi3veBYph",
          "checksum": "9fd0c85a58ba0d483f5329edeaf1a1ae"
        },
        {
          "type": "image",
          "assetId": "rj78beLW7kx0J4",
          "checksum": "d0e3a80a0a186bf14ee0c8074c12c3a2"
        },
        {
          "type": "image",
          "assetId": "6udEePMNLGvYYC",
          "checksum": "15e40e0ce98af21724d13b0740b512a7"
        },
        {
          "type": "image",
          "assetId": "kiS6kKjvxPpy-o",
          "checksum": "2a5fd1fe04900ad8afa0fc61a8097764"
        },
        {
          "type": "image",
          "assetId": "vVZ2GvwY-gkILl",
          "checksum": "44e1985a71ceda1ba1cf3654cf3dba22"
        },
        {
          "type": "image",
          "assetId": "bXD_KpBGHXg0rr",
          "checksum": "8f61caa63c051dd8438133ee3bed5d2c"
        },
        {
          "type": "image",
          "assetId": "jhTxkYY5eyqcAv",
          "checksum": "ded9d795c52ace39c8b060908d4ca171"
        },
        {
          "type": "image",
          "assetId": "u1ffVMggzX",
          "checksum": "ce7f05d32009b8ea4074ef42ed7cb518"
        },
        {
          "assetId": "b1W5dJMGgkpaNQ8tnw9w16",
          "type": "projectCss",
          "checksum": "76c0ef7bcce14914913729e138c7cbe6"
        },
        {
          "type": "image",
          "assetId": "DaMEifT3R",
          "checksum": "b69afceba0f194e020802f8d5264c511"
        }
      ],
      "codegenVersion": "0.0.1"
    }
  ],
  "cliVersion": "0.1.184"
}
